PODS:
  - AKANetworkLogging (0.1.0)
  - CMPopTipView (2.2.0)
  - DSTextEntryValidation (1.0):
    - CMPopTipView (~> 2.2)
  - Mantle (1.5):
    - Mantle/extobjc
  - Mantle/extobjc (1.5)
  - TPKeyboardAvoiding (1.2.3)

DEPENDENCIES:
  - AKANetworkLogging (~> 0.1)
  - DSTextEntryValidation (~> 1.0)
  - Mantle (~> 1.4)
  - TPKeyboardAvoiding (~> 1.2)

SPEC CHECKSUMS:
  AKANetworkLogging: 7936fe0b7a083825e79326588b18fa57d301eb4d
  CMPopTipView: f731ea93316c4f964d3d5d8e71b4ba0ae30bf5a4
  DSTextEntryValidation: 1a5c04cc150b5c7f021f11de74b3d5802833dd42
  Mantle: c67a7e45e14196ed42b2a7cbb98ff6a9920e6b92
  TPKeyboardAvoiding: ca26afa683d829cb96fe69b887fc8be4178f0b9a

COCOAPODS: 0.33.1
