PODS:
  - AKANetworkLogging (0.1.0)
  - CMPopTipView (2.2.0)
  - DSTextEntryValidation (1.0):
    - CMPopTipView (~> 2.2)
  - Mantle (1.5):
    - Mantle/extobjc (= 1.5)
  - Mantle/extobjc (1.5)
  - TPKeyboardAvoiding (1.2.3)

DEPENDENCIES:
  - AKANetworkLogging (~> 0.1)
  - DSTextEntryValidation (~> 1.0)
  - Mantle (~> 1.4)
  - TPKeyboardAvoiding (~> 1.2)

SPEC CHECKSUMS:
  AKANetworkLogging: 25f623162046a1fc9ec77b042924c1db2ca0b1b8
  CMPopTipView: a0a88404b9f46a5cfc16ce54bdb1b9bf9acb9aff
  DSTextEntryValidation: 89b89b156e3cfb6cbf1bc83f040c8b92959c319e
  Mantle: 3bf6db311c8b4a19b6be01f2483fa4590aa166f3
  TPKeyboardAvoiding: ab1760b9813202b5a570a2cef4b4404ef36b50c5

COCOAPODS: 0.37.2
